
Microsoft Visual Studio Solution File, Format Version 12.00
# Visual Studio Version 17
VisualStudioVersion = 17.12.35309.182
MinimumVisualStudioVersion = 10.0.40219.1
Project("{FAE04EC0-301F-11D3-BF4B-00C04F79EFBC}") = "BTKits-MysqlKits-MigrationTool", "BTKits-MysqlKits-MigrationTool\BTKits-MysqlKits-MigrationTool.csproj", "{3976D9B3-B415-4A8B-8E06-B1522B0BBC2F}"
EndProject
Global
	GlobalSection(SolutionConfigurationPlatforms) = preSolution
		Debug|Any CPU = Debug|Any CPU
		Release|Any CPU = Release|Any CPU
	EndGlobalSection
	GlobalSection(ProjectConfigurationPlatforms) = postSolution
		{3976D9B3-B415-4A8B-8E06-B1522B0BBC2F}.Debug|Any CPU.ActiveCfg = Debug|Any CPU
		{3976D9B3-B415-4A8B-8E06-B1522B0BBC2F}.Debug|Any CPU.Build.0 = Debug|Any CPU
		{3976D9B3-B415-4A8B-8E06-B1522B0BBC2F}.Release|Any CPU.ActiveCfg = Release|Any CPU
		{3976D9B3-B415-4A8B-8E06-B1522B0BBC2F}.Release|Any CPU.Build.0 = Release|Any CPU
	EndGlobalSection
	GlobalSection(SolutionProperties) = preSolution
		HideSolutionNode = FALSE
	EndGlobalSection
	GlobalSection(ExtensibilityGlobals) = postSolution
		SolutionGuid = {64217B49-1C16-4D01-9B02-73AC598485A3}
	EndGlobalSection
EndGlobal
